{
  "version": 4,
  "terraform_version": "0.12.8",
  "serial": 23,
  "lineage": "19ed26ae-17d4-4e88-cb9d-7daac7fc40d8",
  "outputs": {},
  "resources": [
    {
      "module": "module.aws-managed-rules",
      "mode": "managed",
      "type": "aws_config_config_rule",
      "name": "EC2_INSTANCE_DETAILED_MONITORING_ENABLED",
      "provider": "provider.aws",
      "instances": [
        {
          "schema_version": 0,
          "attributes": {
            "arn": "arn:aws:config:us-east-2:087544996801:config-rule/config-rule-bwiphu",
            "description": "Checks whether detailed monitoring is enabled for EC2 instances.",
            "id": "EC2_INSTANCE_DETAILED_MONITORING_ENABLED",
            "input_parameters": "",
            "maximum_execution_frequency": "",
            "name": "EC2_INSTANCE_DETAILED_MONITORING_ENABLED",
            "rule_id": "config-rule-bwiphu",
            "scope": [],
            "source": [
              {
                "owner": "AWS",
                "source_detail": [],
                "source_identifier": "EC2_INSTANCE_DETAILED_MONITORING_ENABLED"
              }
            ],
            "tags": {}
          },
          "private": "bnVsbA==",
          "depends_on": [
            "aws_config_configuration_recorder.cc_config_recorder"
          ]
        }
      ]
    },
    {
      "module": "module.aws-managed-rules",
      "mode": "managed",
      "type": "aws_config_config_rule",
      "name": "EC2_STOPPED_INSTANCE",
      "provider": "provider.aws",
      "instances": [
        {
          "schema_version": 0,
          "attributes": {
            "arn": "arn:aws:config:us-east-2:087544996801:config-rule/config-rule-cyyuta",
            "description": "Checks whether there are instances stopped for more than the allowed number of days. The instance is NON_COMPLIANT if the state of the ec2 instance has been stopped for longer than the allowed number of days.",
            "id": "EC2_STOPPED_INSTANCE",
            "input_parameters": "",
            "maximum_execution_frequency": "TwentyFour_Hours",
            "name": "EC2_STOPPED_INSTANCE",
            "rule_id": "config-rule-cyyuta",
            "scope": [],
            "source": [
              {
                "owner": "AWS",
                "source_detail": [],
                "source_identifier": "EC2_STOPPED_INSTANCE"
              }
            ],
            "tags": {}
          },
          "private": "bnVsbA==",
          "depends_on": [
            "aws_config_configuration_recorder.cc_config_recorder"
          ]
        }
      ]
    },
    {
      "module": "module.aws-managed-rules",
      "mode": "managed",
      "type": "aws_config_config_rule",
      "name": "ELASTICSEARCH_ENCRYPTED_AT_REST",
      "provider": "provider.aws",
      "instances": [
        {
          "schema_version": 0,
          "attributes": {
            "arn": "arn:aws:config:us-east-2:087544996801:config-rule/config-rule-ie0iyt",
            "description": "Checks whether Amazon Elasticsearch Service (Amazon ES) domains have encryption at rest configuration enabled. The rule is NON_COMPLIANT if the EncryptionAtRestOptions field is not enabled.",
            "id": "ELASTICSEARCH_ENCRYPTED_AT_REST",
            "input_parameters": "",
            "maximum_execution_frequency": "TwentyFour_Hours",
            "name": "ELASTICSEARCH_ENCRYPTED_AT_REST",
            "rule_id": "config-rule-ie0iyt",
            "scope": [],
            "source": [
              {
                "owner": "AWS",
                "source_detail": [],
                "source_identifier": "ELASTICSEARCH_ENCRYPTED_AT_REST"
              }
            ],
            "tags": {}
          },
          "private": "bnVsbA==",
          "depends_on": [
            "aws_config_configuration_recorder.cc_config_recorder"
          ]
        }
      ]
    },
    {
      "module": "module.aws-managed-rules",
      "mode": "managed",
      "type": "aws_config_configuration_recorder",
      "name": "cc_config_recorder",
      "provider": "provider.aws",
      "instances": [
        {
          "schema_version": 0,
          "attributes": {
            "id": "cc_config_recorder",
            "name": "cc_config_recorder",
            "recording_group": [
              {
                "all_supported": true,
                "include_global_resource_types": false,
                "resource_types": []
              }
            ],
            "role_arn": "arn:aws:iam::087544996801:role/config_recorder_role"
          },
          "private": "bnVsbA==",
          "depends_on": [
            "aws_iam_role.config_recorder_role"
          ]
        }
      ]
    },
    {
      "mode": "managed",
      "type": "aws_guardduty_detector",
      "name": "member",
      "provider": "provider.aws",
      "instances": [
        {
          "schema_version": 0,
          "attributes": {
            "account_id": "087544996801",
            "enable": true,
            "finding_publishing_frequency": "SIX_HOURS",
            "id": "ecb624e5c8a16f65dc13815478463841"
          },
          "private": "eyJzY2hlbWFfdmVyc2lvbiI6IjAifQ=="
        }
      ]
    },
    {
      "module": "module.aws-managed-rules",
      "mode": "managed",
      "type": "aws_iam_policy",
      "name": "config_policy",
      "provider": "provider.aws",
      "instances": [
        {
          "schema_version": 0,
          "attributes": {
            "arn": "arn:aws:iam::087544996801:policy/config_policy",
            "description": "permssions for AWS config, allows terraform to assume role and enable config rules",
            "id": "arn:aws:iam::087544996801:policy/config_policy",
            "name": "config_policy",
            "name_prefix": null,
            "path": "/",
            "policy": "{\n  \"Version\": \"2012-10-17\",\n  \"Statement\": [\n    {\n      \"Action\": [\n        \"config:Put*\"\n      ],\n      \"Effect\": \"Allow\",\n      \"Resource\": \"*\"\n    }\n  ]\n}\n"
          },
          "private": "bnVsbA=="
        }
      ]
    },
    {
      "module": "module.aws-managed-rules",
      "mode": "managed",
      "type": "aws_iam_role",
      "name": "config_recorder_role",
      "provider": "provider.aws",
      "instances": [
        {
          "schema_version": 0,
          "attributes": {
            "arn": "arn:aws:iam::087544996801:role/config_recorder_role",
            "assume_role_policy": "{\"Version\":\"2012-10-17\",\"Statement\":[{\"Sid\":\"\",\"Effect\":\"Allow\",\"Principal\":{\"Service\":\"config.amazonaws.com\"},\"Action\":\"sts:AssumeRole\"}]}",
            "create_date": "2020-01-09T18:45:54Z",
            "description": "",
            "force_detach_policies": false,
            "id": "config_recorder_role",
            "max_session_duration": 3600,
            "name": "config_recorder_role",
            "name_prefix": null,
            "path": "/",
            "permissions_boundary": null,
            "tags": {},
            "unique_id": "AROARIYQWUPA375VRM4GG"
          },
          "private": "bnVsbA=="
        }
      ]
    },
    {
      "module": "module.aws-managed-rules",
      "mode": "managed",
      "type": "aws_iam_role_policy_attachment",
      "name": "policy-attach",
      "provider": "provider.aws",
      "instances": [
        {
          "schema_version": 0,
          "attributes": {
            "id": "config_recorder_role-20200109202216376400000001",
            "policy_arn": "arn:aws:iam::087544996801:policy/config_policy",
            "role": "config_recorder_role"
          },
          "private": "bnVsbA==",
          "depends_on": [
            "aws_iam_policy.config_policy",
            "aws_iam_role.config_recorder_role"
          ]
        }
      ]
    }
  ]
}
